<?xml version="1.0" encoding="UTF-8" standalone="yes" ?>
<CodeBlocks_project_file>
	<FileVersion major="1" minor="6" />
	<Project>
		<Option title="cli_table" />
		<Option pch_mode="2" />
		<Option compiler="arm-elf-gcc" />
		<Build>
			<Target title="Release">
				<Option output="bin/Release/cli_table" prefix_auto="1" extension_auto="1" />
				<Option object_output="obj/Release/" />
				<Option type="1" />
				<Option compiler="arm-elf-gcc" />
				<Compiler>
					<Add option="-O2" />
				</Compiler>
				<Linker>
					<Add option="-s" />
				</Linker>
			</Target>
			<Target title="static">
				<Option output="bin/static/cli_table" prefix_auto="1" extension_auto="1" />
				<Option working_dir="" />
				<Option object_output="obj/static/" />
				<Option type="2" />
				<Option compiler="arm-elf-gcc" />
				<Option createDefFile="1" />
				<Compiler>
					<Add option="-O2" />
				</Compiler>
				<Linker>
					<Add option="-s" />
				</Linker>
			</Target>
		</Build>
		<Compiler>
			<Add option="-Wall" />
		</Compiler>
		<Unit filename="cli_table.c">
			<Option compilerVar="CC" />
		</Unit>
		<Unit filename="cli_table.h" />
		<Unit filename="csv_parser.c">
			<Option compilerVar="CC" />
		</Unit>
		<Unit filename="csv_parser.h" />
		<Extensions>
			<lib_finder disable_auto="1" />
		</Extensions>
	</Project>
</CodeBlocks_project_file>
